// !$*UTF8*$!
{
	archiveVersion = 1;
	classes = {
	};
	objectVersion = 55;
	objects = {

/* Begin PBXBuildFile section */
		2511DF3627A526FA001B52F1 /* AppDelegate.swift in Sources */ = {isa = PBXBuildFile; fileRef = 2511DF3527A526FA001B52F1 /* AppDelegate.swift */; };
		2511DF3827A526FA001B52F1 /* SceneDelegate.swift in Sources */ = {isa = PBXBuildFile; fileRef = 2511DF3727A526FA001B52F1 /* SceneDelegate.swift */; };
		2511DF3F27A526FA001B52F1 /* Assets.xcassets in Resources */ = {isa = PBXBuildFile; fileRef = 2511DF3E27A526FA001B52F1 /* Assets.xcassets */; };
		2511DF4227A526FA001B52F1 /* LaunchScreen.storyboard in Resources */ = {isa = PBXBuildFile; fileRef = 2511DF4027A526FA001B52F1 /* LaunchScreen.storyboard */; };
		2511DFA527A52B07001B52F1 /* ProfileViewController.swift in Sources */ = {isa = PBXBuildFile; fileRef = 2511DFA427A52B07001B52F1 /* ProfileViewController.swift */; };
		2511DFA927A56617001B52F1 /* SnapKit in Frameworks */ = {isa = PBXBuildFile; productRef = 2511DFA827A56617001B52F1 /* SnapKit */; };
		2511DFAB27A56E60001B52F1 /* ProfileItem.swift in Sources */ = {isa = PBXBuildFile; fileRef = 2511DFAA27A56E60001B52F1 /* ProfileItem.swift */; };
		2511DFAD27A56FC1001B52F1 /* PostingItem.swift in Sources */ = {isa = PBXBuildFile; fileRef = 2511DFAC27A56FC1001B52F1 /* PostingItem.swift */; };
		2511DFAF27A57269001B52F1 /* ProfileCell.swift in Sources */ = {isa = PBXBuildFile; fileRef = 2511DFAE27A57269001B52F1 /* ProfileCell.swift */; };
		2511DFB127A579F5001B52F1 /* PostingCell.swift in Sources */ = {isa = PBXBuildFile; fileRef = 2511DFB027A579F5001B52F1 /* PostingCell.swift */; };
/* End PBXBuildFile section */

/* Begin PBXFileReference section */
		2511DF3227A526FA001B52F1 /* CompositionalLayout_Example.app */ = {isa = PBXFileReference; explicitFileType = wrapper.application; includeInIndex = 0; path = CompositionalLayout_Example.app; sourceTree = BUILT_PRODUCTS_DIR; };
		2511DF3527A526FA001B52F1 /* AppDelegate.swift */ = {isa = PBXFileReference; lastKnownFileType = sourcecode.swift; path = AppDelegate.swift; sourceTree = "<group>"; };
		2511DF3727A526FA001B52F1 /* SceneDelegate.swift */ = {isa = PBXFileReference; lastKnownFileType = sourcecode.swift; path = SceneDelegate.swift; sourceTree = "<group>"; };
		2511DF3E27A526FA001B52F1 /* Assets.xcassets */ = {isa = PBXFileReference; lastKnownFileType = folder.assetcatalog; path = Assets.xcassets; sourceTree = "<group>"; };
		2511DF4127A526FA001B52F1 /* Base */ = {isa = PBXFileReference; lastKnownFileType = file.storyboard; name = Base; path = Base.lproj/LaunchScreen.storyboard; sourceTree = "<group>"; };
		2511DF4327A526FA001B52F1 /* Info.plist */ = {isa = PBXFileReference; lastKnownFileType = text.plist.xml; path = Info.plist; sourceTree = "<group>"; };
		2511DFA427A52B07001B52F1 /* ProfileViewController.swift */ = {isa = PBXFileReference; lastKnownFileType = sourcecode.swift; path = ProfileViewController.swift; sourceTree = "<group>"; };
		2511DFAA27A56E60001B52F1 /* ProfileItem.swift */ = {isa = PBXFileReference; lastKnownFileType = sourcecode.swift; path = ProfileItem.swift; sourceTree = "<group>"; };
		2511DFAC27A56FC1001B52F1 /* PostingItem.swift */ = {isa = PBXFileReference; lastKnownFileType = sourcecode.swift; path = PostingItem.swift; sourceTree = "<group>"; };
		2511DFAE27A57269001B52F1 /* ProfileCell.swift */ = {isa = PBXFileReference; lastKnownFileType = sourcecode.swift; path = ProfileCell.swift; sourceTree = "<group>"; };
		2511DFB027A579F5001B52F1 /* PostingCell.swift */ = {isa = PBXFileReference; lastKnownFileType = sourcecode.swift; path = PostingCell.swift; sourceTree = "<group>"; };
/* End PBXFileReference section */

/* Begin PBXFrameworksBuildPhase section */
		2511DF2F27A526FA001B52F1 /* Frameworks */ = {
			isa = PBXFrameworksBuildPhase;
			buildActionMask = 2147483647;
			files = (
				2511DFA927A56617001B52F1 /* SnapKit in Frameworks */,
			);
			runOnlyForDeploymentPostprocessing = 0;
		};
/* End PBXFrameworksBuildPhase section */

/* Begin PBXGroup section */
		2511DF2927A526FA001B52F1 = {
			isa = PBXGroup;
			children = (
				2511DF3427A526FA001B52F1 /* CompositionalLayout_Example */,
				2511DF3327A526FA001B52F1 /* Products */,
			);
			sourceTree = "<group>";
		};
		2511DF3327A526FA001B52F1 /* Products */ = {
			isa = PBXGroup;
			children = (
				2511DF3227A526FA001B52F1 /* CompositionalLayout_Example.app */,
			);
			name = Products;
			sourceTree = "<group>";
		};
		2511DF3427A526FA001B52F1 /* CompositionalLayout_Example */ = {
			isa = PBXGroup;
			children = (
				2511DFA227A52ABE001B52F1 /* App */,
				2511DFA327A52AC2001B52F1 /* UserInterface */,
				2511DF3E27A526FA001B52F1 /* Assets.xcassets */,
				2511DF4027A526FA001B52F1 /* LaunchScreen.storyboard */,
				2511DF4327A526FA001B52F1 /* Info.plist */,
			);
			path = CompositionalLayout_Example;
			sourceTree = "<group>";
		};
		2511DFA227A52ABE001B52F1 /* App */ = {
			isa = PBXGroup;
			children = (
				2511DF3527A526FA001B52F1 /* AppDelegate.swift */,
				2511DF3727A526FA001B52F1 /* SceneDelegate.swift */,
			);
			path = App;
			sourceTree = "<group>";
		};
		2511DFA327A52AC2001B52F1 /* UserInterface */ = {
			isa = PBXGroup;
			children = (
				2511DFA627A52B0A001B52F1 /* ProfileViewController */,
			);
			path = UserInterface;
			sourceTree = "<group>";
		};
		2511DFA627A52B0A001B52F1 /* ProfileViewController */ = {
			isa = PBXGroup;
			children = (
				2511DFA427A52B07001B52F1 /* ProfileViewController.swift */,
				2511DFAA27A56E60001B52F1 /* ProfileItem.swift */,
				2511DFAC27A56FC1001B52F1 /* PostingItem.swift */,
				2511DFAE27A57269001B52F1 /* ProfileCell.swift */,
				2511DFB027A579F5001B52F1 /* PostingCell.swift */,
			);
			path = ProfileViewController;
			sourceTree = "<group>";
		};
/* End PBXGroup section */

/* Begin PBXNativeTarget section */
		2511DF3127A526FA001B52F1 /* CompositionalLayout_Example */ = {
			isa = PBXNativeTarget;
			buildConfigurationList = 2511DF4627A526FA001B52F1 /* Build configuration list for PBXNativeTarget "CompositionalLayout_Example" */;
			buildPhases = (
				2511DF2E27A526FA001B52F1 /* Sources */,
				2511DF2F27A526FA001B52F1 /* Frameworks */,
				2511DF3027A526FA001B52F1 /* Resources */,
			);
			buildRules = (
			);
			dependencies = (
			);
			name = CompositionalLayout_Example;
			packageProductDependencies = (
				2511DFA827A56617001B52F1 /* SnapKit */,
			);
			productName = CompositionalLayout_Example;
			productReference = 2511DF3227A526FA001B52F1 /* CompositionalLayout_Example.app */;
			productType = "com.apple.product-type.application";
		};
/* End PBXNativeTarget section */

/* Begin PBXProject section */
		2511DF2A27A526FA001B52F1 /* Project object */ = {
			isa = PBXProject;
			attributes = {
				BuildIndependentTargetsInParallel = 1;
				LastSwiftUpdateCheck = 1320;
				LastUpgradeCheck = 1320;
				TargetAttributes = {
					2511DF3127A526FA001B52F1 = {
						CreatedOnToolsVersion = 13.2.1;
					};
				};
			};
			buildConfigurationList = 2511DF2D27A526FA001B52F1 /* Build configuration list for PBXProject "CompositionalLayout_Example" */;
			compatibilityVersion = "Xcode 13.0";
			developmentRegion = en;
			hasScannedForEncodings = 0;
			knownRegions = (
				en,
				Base,
			);
			mainGroup = 2511DF2927A526FA001B52F1;
			packageReferences = (
				2511DFA727A56617001B52F1 /* XCRemoteSwiftPackageReference "SnapKit" */,
			);
			productRefGroup = 2511DF3327A526FA001B52F1 /* Products */;
			projectDirPath = "";
			projectRoot = "";
			targets = (
				2511DF3127A526FA001B52F1 /* CompositionalLayout_Example */,
			);
		};
/* End PBXProject section */

/* Begin PBXResourcesBuildPhase section */
		2511DF3027A526FA001B52F1 /* Resources */ = {
			isa = PBXResourcesBuildPhase;
			buildActionMask = 2147483647;
			files = (
				2511DF4227A526FA001B52F1 /* LaunchScreen.storyboard in Resources */,
				2511DF3F27A526FA001B52F1 /* Assets.xcassets in Resources */,
			);
			runOnlyForDeploymentPostprocessing = 0;
		};
/* End PBXResourcesBuildPhase section */

/* Begin PBXSourcesBuildPhase section */
		2511DF2E27A526FA001B52F1 /* Sources */ = {
			isa = PBXSourcesBuildPhase;
			buildActionMask = 2147483647;
			files = (
				2511DFAB27A56E60001B52F1 /* ProfileItem.swift in Sources */,
				2511DFA527A52B07001B52F1 /* ProfileViewController.swift in Sources */,
				2511DF3627A526FA001B52F1 /* AppDelegate.swift in Sources */,
				2511DFB127A579F5001B52F1 /* PostingCell.swift in Sources */,
				2511DFAF27A57269001B52F1 /* ProfileCell.swift in Sources */,
				2511DF3827A526FA001B52F1 /* SceneDelegate.swift in Sources */,
				2511DFAD27A56FC1001B52F1 /* PostingItem.swift in Sources */,
			);
			runOnlyForDeploymentPostprocessing = 0;
		};
/* End PBXSourcesBuildPhase section */

/* Begin PBXVariantGroup section */
		2511DF4027A526FA001B52F1 /* LaunchScreen.storyboard */ = {
			isa = PBXVariantGroup;
			children = (
				2511DF4127A526FA001B52F1 /* Base */,
			);
			name = LaunchScreen.storyboard;
			sourceTree = "<group>";
		};
/* End PBXVariantGroup section */

/* Begin XCBuildConfiguration section */
		2511DF4427A526FA001B52F1 /* Debug */ = {
			isa = XCBuildConfiguration;
			buildSettings = {
				ALWAYS_SEARCH_USER_PATHS = NO;
				CLANG_ANALYZER_NONNULL = YES;
				CLANG_ANALYZER_NUMBER_OBJECT_CONVERSION = YES_AGGRESSIVE;
				CLANG_CXX_LANGUAGE_STANDARD = "gnu++17";
				CLANG_CXX_LIBRARY = "libc++";
				CLANG_ENABLE_MODULES = YES;
				CLANG_ENABLE_OBJC_ARC = YES;
				CLANG_ENABLE_OBJC_WEAK = YES;
				CLANG_WARN_BLOCK_CAPTURE_AUTORELEASING = YES;
				CLANG_WARN_BOOL_CONVERSION = YES;
				CLANG_WARN_COMMA = YES;
				CLANG_WARN_CONSTANT_CONVERSION = YES;
				CLANG_WARN_DEPRECATED_OBJC_IMPLEMENTATIONS = YES;
				CLANG_WARN_DIRECT_OBJC_ISA_USAGE = YES_ERROR;
				CLANG_WARN_DOCUMENTATION_COMMENTS = YES;
				CLANG_WARN_EMPTY_BODY = YES;
				CLANG_WARN_ENUM_CONVERSION = YES;
				CLANG_WARN_INFINITE_RECURSION = YES;
				CLANG_WARN_INT_CONVERSION = YES;
				CLANG_WARN_NON_LITERAL_NULL_CONVERSION = YES;
				CLANG_WARN_OBJC_IMPLICIT_RETAIN_SELF = YES;
				CLANG_WARN_OBJC_LITERAL_CONVERSION = YES;
				CLANG_WARN_OBJC_ROOT_CLASS = YES_ERROR;
				CLANG_WARN_QUOTED_INCLUDE_IN_FRAMEWORK_HEADER = YES;
				CLANG_WARN_RANGE_LOOP_ANALYSIS = YES;
				CLANG_WARN_STRICT_PROTOTYPES = YES;
				CLANG_WARN_SUSPICIOUS_MOVE = YES;
				CLANG_WARN_UNGUARDED_AVAILABILITY = YES_AGGRESSIVE;
				CLANG_WARN_UNREACHABLE_CODE = YES;
				CLANG_WARN__DUPLICATE_METHOD_MATCH = YES;
				COPY_PHASE_STRIP = NO;
				DEBUG_INFORMATION_FORMAT = dwarf;
				ENABLE_STRICT_OBJC_MSGSEND = YES;
				ENABLE_TESTABILITY = YES;
				GCC_C_LANGUAGE_STANDARD = gnu11;
				GCC_DYNAMIC_NO_PIC = NO;
				GCC_NO_COMMON_BLOCKS = YES;
				GCC_OPTIMIZATION_LEVEL = 0;
				GCC_PREPROCESSOR_DEFINITIONS = (
					"DEBUG=1",
					"$(inherited)",
				);
				GCC_WARN_64_TO_32_BIT_CONVERSION = YES;
				GCC_WARN_ABOUT_RETURN_TYPE = YES_ERROR;
				GCC_WARN_UNDECLARED_SELECTOR = YES;
				GCC_WARN_UNINITIALIZED_AUTOS = YES_AGGRESSIVE;
				GCC_WARN_UNUSED_FUNCTION = YES;
				GCC_WARN_UNUSED_VARIABLE = YES;
				IPHONEOS_DEPLOYMENT_TARGET = 15.2;
				MTL_ENABLE_DEBUG_INFO = INCLUDE_SOURCE;
				MTL_FAST_MATH = YES;
				ONLY_ACTIVE_ARCH = YES;
				SDKROOT = iphoneos;
				SWIFT_ACTIVE_COMPILATION_CONDITIONS = DEBUG;
				SWIFT_OPTIMIZATION_LEVEL = "-Onone";
			};
			name = Debug;
		};
		2511DF4527A526FA001B52F1 /* Release */ = {
			isa = XCBuildConfiguration;
			buildSettings = {
				ALWAYS_SEARCH_USER_PATHS = NO;
				CLANG_ANALYZER_NONNULL = YES;
				CLANG_ANALYZER_NUMBER_OBJECT_CONVERSION = YES_AGGRESSIVE;
				CLANG_CXX_LANGUAGE_STANDARD = "gnu++17";
				CLANG_CXX_LIBRARY = "libc++";
				CLANG_ENABLE_MODULES = YES;
				CLANG_ENABLE_OBJC_ARC = YES;
				CLANG_ENABLE_OBJC_WEAK = YES;
				CLANG_WARN_BLOCK_CAPTURE_AUTORELEASING = YES;
				CLANG_WARN_BOOL_CONVERSION = YES;
				CLANG_WARN_COMMA = YES;
				CLANG_WARN_CONSTANT_CONVERSION = YES;
				CLANG_WARN_DEPRECATED_OBJC_IMPLEMENTATIONS = YES;
				CLANG_WARN_DIRECT_OBJC_ISA_USAGE = YES_ERROR;
				CLANG_WARN_DOCUMENTATION_COMMENTS = YES;
				CLANG_WARN_EMPTY_BODY = YES;
				CLANG_WARN_ENUM_CONVERSION = YES;
				CLANG_WARN_INFINITE_RECURSION = YES;
				CLANG_WARN_INT_CONVERSION = YES;
				CLANG_WARN_NON_LITERAL_NULL_CONVERSION = YES;
				CLANG_WARN_OBJC_IMPLICIT_RETAIN_SELF = YES;
				CLANG_WARN_OBJC_LITERAL_CONVERSION = YES;
				CLANG_WARN_OBJC_ROOT_CLASS = YES_ERROR;
				CLANG_WARN_QUOTED_INCLUDE_IN_FRAMEWORK_HEADER = YES;
				CLANG_WARN_RANGE_LOOP_ANALYSIS = YES;
				CLANG_WARN_STRICT_PROTOTYPES = YES;
				CLANG_WARN_SUSPICIOUS_MOVE = YES;
				CLANG_WARN_UNGUARDED_AVAILABILITY = YES_AGGRESSIVE;
				CLANG_WARN_UNREACHABLE_CODE = YES;
				CLANG_WARN__DUPLICATE_METHOD_MATCH = YES;
				COPY_PHASE_STRIP = NO;
				DEBUG_INFORMATION_FORMAT = "dwarf-with-dsym";
				ENABLE_NS_ASSERTIONS = NO;
				ENABLE_STRICT_OBJC_MSGSEND = YES;
				GCC_C_LANGUAGE_STANDARD = gnu11;
				GCC_NO_COMMON_BLOCKS = YES;
				GCC_WARN_64_TO_32_BIT_CONVERSION = YES;
				GCC_WARN_ABOUT_RETURN_TYPE = YES_ERROR;
				GCC_WARN_UNDECLARED_SELECTOR = YES;
				GCC_WARN_UNINITIALIZED_AUTOS = YES_AGGRESSIVE;
				GCC_WARN_UNUSED_FUNCTION = YES;
				GCC_WARN_UNUSED_VARIABLE = YES;
				IPHONEOS_DEPLOYMENT_TARGET = 15.2;
				MTL_ENABLE_DEBUG_INFO = NO;
				MTL_FAST_MATH = YES;
				SDKROOT = iphoneos;
				SWIFT_COMPILATION_MODE = wholemodule;
				SWIFT_OPTIMIZATION_LEVEL = "-O";
				VALIDATE_PRODUCT = YES;
			};
			name = Release;
		};
		2511DF4727A526FA001B52F1 /* Debug */ = {
			isa = XCBuildConfiguration;
			buildSettings = {
				ASSETCATALOG_COMPILER_APPICON_NAME = AppIcon;
				ASSETCATALOG_COMPILER_GLOBAL_ACCENT_COLOR_NAME = AccentColor;
				CODE_SIGN_STYLE = Automatic;
				CURRENT_PROJECT_VERSION = 1;
				DEVELOPMENT_TEAM = 5WAUHBZJ8Z;
				GENERATE_INFOPLIST_FILE = YES;
				INFOPLIST_FILE = CompositionalLayout_Example/Info.plist;
				INFOPLIST_KEY_UIApplicationSupportsIndirectInputEvents = YES;
				INFOPLIST_KEY_UILaunchStoryboardName = LaunchScreen;
				INFOPLIST_KEY_UISupportedInterfaceOrientations_iPad = "UIInterfaceOrientationPortrait UIInterfaceOrientationPortraitUpsideDown UIInterfaceOrientationLandscapeLeft UIInterfaceOrientationLandscapeRight";
				INFOPLIST_KEY_UISupportedInterfaceOrientations_iPhone = "UIInterfaceOrientationPortrait UIInterfaceOrientationLandscapeLeft UIInterfaceOrientationLandscapeRight";
				IPHONEOS_DEPLOYMENT_TARGET = 13.0;
				LD_RUNPATH_SEARCH_PATHS = (
					"$(inherited)",
					"@executable_path/Frameworks",
				);
				MARKETING_VERSION = 1.0;
				PRODUCT_BUNDLE_IDENTIFIER = "uno.CompositionalLayout-Example";
				PRODUCT_NAME = "$(TARGET_NAME)";
				SWIFT_EMIT_LOC_STRINGS = YES;
				SWIFT_VERSION = 5.0;
				TARGETED_DEVICE_FAMILY = 1;
			};
			name = Debug;
		};
		2511DF4827A526FA001B52F1 /* Release */ = {
			isa = XCBuildConfiguration;
			buildSettings = {
				ASSETCATALOG_COMPILER_APPICON_NAME = AppIcon;
				ASSETCATALOG_COMPILER_GLOBAL_ACCENT_COLOR_NAME = AccentColor;
				CODE_SIGN_STYLE = Automatic;
				CURRENT_PROJECT_VERSION = 1;
				DEVELOPMENT_TEAM = 5WAUHBZJ8Z;
				GENERATE_INFOPLIST_FILE = YES;
				INFOPLIST_FILE = CompositionalLayout_Example/Info.plist;
				INFOPLIST_KEY_UIApplicationSupportsIndirectInputEvents = YES;
				INFOPLIST_KEY_UILaunchStoryboardName = LaunchScreen;
				INFOPLIST_KEY_UISupportedInterfaceOrientations_iPad = "UIInterfaceOrientationPortrait UIInterfaceOrientationPortraitUpsideDown UIInterfaceOrientationLandscapeLeft UIInterfaceOrientationLandscapeRight";
				INFOPLIST_KEY_UISupportedInterfaceOrientations_iPhone = "UIInterfaceOrientationPortrait UIInterfaceOrientationLandscapeLeft UIInterfaceOrientationLandscapeRight";
				IPHONEOS_DEPLOYMENT_TARGET = 13.0;
				LD_RUNPATH_SEARCH_PATHS = (
					"$(inherited)",
					"@executable_path/Frameworks",
				);
				MARKETING_VERSION = 1.0;
				PRODUCT_BUNDLE_IDENTIFIER = "uno.CompositionalLayout-Example";
				PRODUCT_NAME = "$(TARGET_NAME)";
				SWIFT_EMIT_LOC_STRINGS = YES;
				SWIFT_VERSION = 5.0;
				TARGETED_DEVICE_FAMILY = 1;
			};
			name = Release;
		};
/* End XCBuildConfiguration section */

/* Begin XCConfigurationList section */
		2511DF2D27A526FA001B52F1 /* Build configuration list for PBXProject "CompositionalLayout_Example" */ = {
			isa = XCConfigurationList;
			buildConfigurations = (
				2511DF4427A526FA001B52F1 /* Debug */,
				2511DF4527A526FA001B52F1 /* Release */,
			);
			defaultConfigurationIsVisible = 0;
			defaultConfigurationName = Release;
		};
		2511DF4627A526FA001B52F1 /* Build configuration list for PBXNativeTarget "CompositionalLayout_Example" */ = {
			isa = XCConfigurationList;
			buildConfigurations = (
				2511DF4727A526FA001B52F1 /* Debug */,
				2511DF4827A526FA001B52F1 /* Release */,
			);
			defaultConfigurationIsVisible = 0;
			defaultConfigurationName = Release;
		};
/* End XCConfigurationList section */

/* Begin XCRemoteSwiftPackageReference section */
		2511DFA727A56617001B52F1 /* XCRemoteSwiftPackageReference "SnapKit" */ = {
			isa = XCRemoteSwiftPackageReference;
			repositoryURL = "https://github.com/SnapKit/SnapKit";
			requirement = {
				branch = develop;
				kind = branch;
			};
		};
/* End XCRemoteSwiftPackageReference section */

/* Begin XCSwiftPackageProductDependency section */
		2511DFA827A56617001B52F1 /* SnapKit */ = {
			isa = XCSwiftPackageProductDependency;
			package = 2511DFA727A56617001B52F1 /* XCRemoteSwiftPackageReference "SnapKit" */;
			productName = SnapKit;
		};
/* End XCSwiftPackageProductDependency section */
	};
	rootObject = 2511DF2A27A526FA001B52F1 /* Project object */;
}
